
Microsoft Visual Studio Solution File, Format Version 12.00
# Visual Studio Version 17
VisualStudioVersion = 17.6.33723.286
MinimumVisualStudioVersion = 10.0.40219.1
Project("{FAE04EC0-301F-11D3-BF4B-00C04F79EFBC}") = "BaseUnityDll", "BaseUnityDll.csproj", "{14877889-3312-43E0-B3A4-83802B883B0E}"
EndProject
Global
	GlobalSection(SolutionConfigurationPlatforms) = preSolution
		Debug|Any CPU = Debug|Any CPU
		Debug|x64 = Debug|x64
		Debug|x86 = Debug|x86
		Release|Any CPU = Release|Any CPU
		Release|x64 = Release|x64
		Release|x86 = Release|x86
	EndGlobalSection
	GlobalSection(ProjectConfigurationPlatforms) = postSolution
		{14877889-3312-43E0-B3A4-83802B883B0E}.Debug|Any CPU.ActiveCfg = Debug|Any CPU
		{14877889-3312-43E0-B3A4-83802B883B0E}.Debug|Any CPU.Build.0 = Debug|Any CPU
		{14877889-3312-43E0-B3A4-83802B883B0E}.Debug|x64.ActiveCfg = Debug|x64
		{14877889-3312-43E0-B3A4-83802B883B0E}.Debug|x64.Build.0 = Debug|x64
		{14877889-3312-43E0-B3A4-83802B883B0E}.Debug|x86.ActiveCfg = Debug|x86
		{14877889-3312-43E0-B3A4-83802B883B0E}.Debug|x86.Build.0 = Debug|x86
		{14877889-3312-43E0-B3A4-83802B883B0E}.Release|Any CPU.ActiveCfg = Release|Any CPU
		{14877889-3312-43E0-B3A4-83802B883B0E}.Release|Any CPU.Build.0 = Release|Any CPU
		{14877889-3312-43E0-B3A4-83802B883B0E}.Release|x64.ActiveCfg = Release|x64
		{14877889-3312-43E0-B3A4-83802B883B0E}.Release|x64.Build.0 = Release|x64
		{14877889-3312-43E0-B3A4-83802B883B0E}.Release|x86.ActiveCfg = Release|x86
		{14877889-3312-43E0-B3A4-83802B883B0E}.Release|x86.Build.0 = Release|x86
	EndGlobalSection
	GlobalSection(SolutionProperties) = preSolution
		HideSolutionNode = FALSE
	EndGlobalSection
	GlobalSection(ExtensibilityGlobals) = postSolution
		SolutionGuid = {65122136-A77C-4441-A375-B42D4FBA76E8}
	EndGlobalSection
EndGlobal
